
Microsoft Visual Studio Solution File, Format Version 12.00
# Visual Studio Version 16
VisualStudioVersion = 16.0.31624.102
MinimumVisualStudioVersion = 10.0.40219.1
Project("{FAE04EC0-301F-11D3-BF4B-00C04F79EFBC}") = "AnimaFruit", "AnimaFruit.csproj", "{A3B4E553-2A19-47B3-A019-B7E724941540}"
EndProject
Global
	GlobalSection(SolutionConfigurationPlatforms) = preSolution
		Debug|Any CPU = Debug|Any CPU
		Release|Any CPU = Release|Any CPU
	EndGlobalSection
	GlobalSection(ProjectConfigurationPlatforms) = postSolution
		{A3B4E553-2A19-47B3-A019-B7E724941540}.Debug|Any CPU.ActiveCfg = Debug|Any CPU
		{A3B4E553-2A19-47B3-A019-B7E724941540}.Debug|Any CPU.Build.0 = Debug|Any CPU
		{A3B4E553-2A19-47B3-A019-B7E724941540}.Release|Any CPU.ActiveCfg = Release|Any CPU
		{A3B4E553-2A19-47B3-A019-B7E724941540}.Release|Any CPU.Build.0 = Release|Any CPU
	EndGlobalSection
	GlobalSection(SolutionProperties) = preSolution
		HideSolutionNode = FALSE
	EndGlobalSection
	GlobalSection(ExtensibilityGlobals) = postSolution
		SolutionGuid = {A8CE7635-7C2F-4C54-AABD-CAF2322385BF}
	EndGlobalSection
EndGlobal
